
Microsoft Visual Studio Solution File, Format Version 12.00
# Visual Studio Version 17
VisualStudioVersion = 17.7.34024.191
MinimumVisualStudioVersion = 10.0.40219.1
Project("{FAE04EC0-301F-11D3-BF4B-00C04F79EFBC}") = "AspNetCoreWebApp", "AspNetCoreWebApp\AspNetCoreWebApp.csproj", "{DEA734B5-013E-4CE5-8F59-9E04D54FCCBA}"
EndProject
Global
	GlobalSection(SolutionConfigurationPlatforms) = preSolution
		Debug|Any CPU = Debug|Any CPU
		Release|Any CPU = Release|Any CPU
	EndGlobalSection
	GlobalSection(ProjectConfigurationPlatforms) = postSolution
		{DEA734B5-013E-4CE5-8F59-9E04D54FCCBA}.Debug|Any CPU.ActiveCfg = Debug|Any CPU
		{DEA734B5-013E-4CE5-8F59-9E04D54FCCBA}.Debug|Any CPU.Build.0 = Debug|Any CPU
		{DEA734B5-013E-4CE5-8F59-9E04D54FCCBA}.Release|Any CPU.ActiveCfg = Release|Any CPU
		{DEA734B5-013E-4CE5-8F59-9E04D54FCCBA}.Release|Any CPU.Build.0 = Release|Any CPU
	EndGlobalSection
	GlobalSection(SolutionProperties) = preSolution
		HideSolutionNode = FALSE
	EndGlobalSection
	GlobalSection(ExtensibilityGlobals) = postSolution
		SolutionGuid = {59D221C7-46F3-4A85-AB6B-4F6DF7B5B441}
	EndGlobalSection
EndGlobal
